Microsoft Visual Studio Solution File, Format Version 11.00
# Visual Studio 2008

Project("{08588A6F-8D25-5E29-2413-7EB84A4E759A}") = "penguin-slaps", "Assembly-CSharp-vs.csproj", "{7F2848EB-2B39-C508-7CE8-A27851ADC9DD}"
EndProject
Global
	GlobalSection(SolutionConfigurationPlatforms) = preSolution
		Debug|Any CPU = Debug|Any CPU
		Release|Any CPU = Release|Any CPU
	EndGlobalSection
	GlobalSection(ProjectConfigurationPlatforms) = postSolution
		{7F2848EB-2B39-C508-7CE8-A27851ADC9DD}.Debug|Any CPU.ActiveCfg = Debug|Any CPU
		{7F2848EB-2B39-C508-7CE8-A27851ADC9DD}.Debug|Any CPU.Build.0 = Debug|Any CPU
		{7F2848EB-2B39-C508-7CE8-A27851ADC9DD}.Release|Any CPU.ActiveCfg = Release|Any CPU
		{7F2848EB-2B39-C508-7CE8-A27851ADC9DD}.Release|Any CPU.Build.0 = Release|Any CPU
	EndGlobalSection
	GlobalSection(SolutionProperties) = preSolution
		HideSolutionNode = FALSE
	EndGlobalSection
															GlobalSection(MonoDevelopProperties) = preSolution
		StartupItem = Assembly-CSharp.csproj
		Policies = $0
		$0.TextStylePolicy = $1
		$1.inheritsSet = null
		$1.scope = text/x-csharp
		$0.CSharpFormattingPolicy = $2
		$2.inheritsSet = Mono
		$2.inheritsScope = text/x-csharp
		$2.scope = text/x-csharp
		$0.TextStylePolicy = $3
		$3.FileWidth = 120
		$3.TabWidth = 4
		$3.IndentWidth = 4
		$3.EolMarker = Unix
		$3.inheritsSet = Mono
		$3.inheritsScope = text/plain
		$3.scope = text/plain
	EndGlobalSection

EndGlobal
